
Microsoft Visual Studio Solution File, Format Version 12.00
# Visual Studio 15
VisualStudioVersion = 15.0.27004.2008
MinimumVisualStudioVersion = 10.0.40219.1
Project("{8BC9CEB8-8B4A-11D0-8D11-00A0C91BC942}") = "Bojestvenniy_rucksac", "Bojestvenniy_rucksac\Bojestvenniy_rucksac.vcxproj", "{673ADAF5-953A-4441-9A3C-75C937BC7B48}"
EndProject
Project("{8BC9CEB8-8B4A-11D0-8D11-00A0C91BC942}") = "planirovanie", "planirovanie\planirovanie.vcxproj", "{2A48A923-5D13-4EF6-950C-8AB5CB1C85AF}"
EndProject
Global
	GlobalSection(SolutionConfigurationPlatforms) = preSolution
		Debug|x64 = Debug|x64
		Debug|x86 = Debug|x86
		Release|x64 = Release|x64
		Release|x86 = Release|x86
	EndGlobalSection
	GlobalSection(ProjectConfigurationPlatforms) = postSolution
		{673ADAF5-953A-4441-9A3C-75C937BC7B48}.Debug|x64.ActiveCfg = Debug|x64
		{673ADAF5-953A-4441-9A3C-75C937BC7B48}.Debug|x64.Build.0 = Debug|x64
		{673ADAF5-953A-4441-9A3C-75C937BC7B48}.Debug|x86.ActiveCfg = Debug|Win32
		{673ADAF5-953A-4441-9A3C-75C937BC7B48}.Debug|x86.Build.0 = Debug|Win32
		{673ADAF5-953A-4441-9A3C-75C937BC7B48}.Release|x64.ActiveCfg = Release|x64
		{673ADAF5-953A-4441-9A3C-75C937BC7B48}.Release|x64.Build.0 = Release|x64
		{673ADAF5-953A-4441-9A3C-75C937BC7B48}.Release|x86.ActiveCfg = Release|Win32
		{673ADAF5-953A-4441-9A3C-75C937BC7B48}.Release|x86.Build.0 = Release|Win32
		{2A48A923-5D13-4EF6-950C-8AB5CB1C85AF}.Debug|x64.ActiveCfg = Debug|x64
		{2A48A923-5D13-4EF6-950C-8AB5CB1C85AF}.Debug|x64.Build.0 = Debug|x64
		{2A48A923-5D13-4EF6-950C-8AB5CB1C85AF}.Debug|x86.ActiveCfg = Debug|Win32
		{2A48A923-5D13-4EF6-950C-8AB5CB1C85AF}.Debug|x86.Build.0 = Debug|Win32
		{2A48A923-5D13-4EF6-950C-8AB5CB1C85AF}.Release|x64.ActiveCfg = Release|x64
		{2A48A923-5D13-4EF6-950C-8AB5CB1C85AF}.Release|x64.Build.0 = Release|x64
		{2A48A923-5D13-4EF6-950C-8AB5CB1C85AF}.Release|x86.ActiveCfg = Release|Win32
		{2A48A923-5D13-4EF6-950C-8AB5CB1C85AF}.Release|x86.Build.0 = Release|Win32
	EndGlobalSection
	GlobalSection(SolutionProperties) = preSolution
		HideSolutionNode = FALSE
	EndGlobalSection
	GlobalSection(ExtensibilityGlobals) = postSolution
		SolutionGuid = {2C19611F-5D90-4DBC-84DD-7A3D9A776AE2}
	EndGlobalSection
EndGlobal
